<?xml version="1.0" encoding="utf-8"?>
<Project ToolsVersion="4.0" xmlns="http://schemas.microsoft.com/developer/msbuild/2003">
  <ItemGroup>
    <Filter Include="00.Server">
      <UniqueIdentifier>{393914af-5dd7-49ca-9f01-3df87966e796}</UniqueIdentifier>
    </Filter>
    <Filter Include="99.Headers">
      <UniqueIdentifier>{1f6c6805-a293-4e09-a69f-8687aa41f947}</UniqueIdentifier>
    </Filter>
  </ItemGroup>
  <ItemGroup>
    <ClCompile Include="Server.cpp">
      <Filter>00.Server</Filter>
    </ClCompile>
  </ItemGroup>
  <ItemGroup>
    <ClInclude Include="Function.h">
      <Filter>99.Headers</Filter>
    </ClInclude>
    <ClInclude Include="Struct.h">
      <Filter>99.Headers</Filter>
    </ClInclude>
    <ClInclude Include="Const.h">
      <Filter>99.Headers</Filter>
    </ClInclude>
    <ClInclude Include="Define.h">
      <Filter>99.Headers</Filter>
    </ClInclude>
    <ClInclude Include="Typedef.h">
      <Filter>99.Headers</Filter>
    </ClInclude>
    <ClInclude Include="Include.h">
      <Filter>99.Headers</Filter>
    </ClInclude>
  </ItemGroup>
</Project>